
Microsoft Visual Studio Solution File, Format Version 12.00
# Visual Studio Version 17
VisualStudioVersion = 17.0.32014.148
MinimumVisualStudioVersion = 10.0.40219.1
Project("{9A19103F-16F7-4668-BE54-9A1E7A4F7556}") = "DemoBlazorApp.Server", "Server\DemoBlazorApp.Server.csproj", "{98E46F6F-A7F3-4BD1-A87F-5C9D82B1EF63}"
EndProject
Project("{9A19103F-16F7-4668-BE54-9A1E7A4F7556}") = "DemoBlazorApp.Client", "Client\DemoBlazorApp.Client.csproj", "{84733AC7-441E-426D-9FC3-56D6653A957D}"
EndProject
Project("{9A19103F-16F7-4668-BE54-9A1E7A4F7556}") = "DemoBlazorApp.Shared", "Shared\DemoBlazorApp.Shared.csproj", "{5FEEFD6E-E6B3-406E-B2D5-9E2123EB6CA2}"
EndProject
Global
	GlobalSection(SolutionConfigurationPlatforms) = preSolution
		Debug|Any CPU = Debug|Any CPU
		Release|Any CPU = Release|Any CPU
	EndGlobalSection
	GlobalSection(ProjectConfigurationPlatforms) = postSolution
		{98E46F6F-A7F3-4BD1-A87F-5C9D82B1EF63}.Debug|Any CPU.ActiveCfg = Debug|Any CPU
		{98E46F6F-A7F3-4BD1-A87F-5C9D82B1EF63}.Debug|Any CPU.Build.0 = Debug|Any CPU
		{98E46F6F-A7F3-4BD1-A87F-5C9D82B1EF63}.Release|Any CPU.ActiveCfg = Release|Any CPU
		{98E46F6F-A7F3-4BD1-A87F-5C9D82B1EF63}.Release|Any CPU.Build.0 = Release|Any CPU
		{84733AC7-441E-426D-9FC3-56D6653A957D}.Debug|Any CPU.ActiveCfg = Debug|Any CPU
		{84733AC7-441E-426D-9FC3-56D6653A957D}.Debug|Any CPU.Build.0 = Debug|Any CPU
		{84733AC7-441E-426D-9FC3-56D6653A957D}.Release|Any CPU.ActiveCfg = Release|Any CPU
		{84733AC7-441E-426D-9FC3-56D6653A957D}.Release|Any CPU.Build.0 = Release|Any CPU
		{5FEEFD6E-E6B3-406E-B2D5-9E2123EB6CA2}.Debug|Any CPU.ActiveCfg = Debug|Any CPU
		{5FEEFD6E-E6B3-406E-B2D5-9E2123EB6CA2}.Debug|Any CPU.Build.0 = Debug|Any CPU
		{5FEEFD6E-E6B3-406E-B2D5-9E2123EB6CA2}.Release|Any CPU.ActiveCfg = Release|Any CPU
		{5FEEFD6E-E6B3-406E-B2D5-9E2123EB6CA2}.Release|Any CPU.Build.0 = Release|Any CPU
	EndGlobalSection
	GlobalSection(SolutionProperties) = preSolution
		HideSolutionNode = FALSE
	EndGlobalSection
	GlobalSection(ExtensibilityGlobals) = postSolution
		SolutionGuid = {35E65819-9438-4B61-BDAB-F36C88A6B84A}
	EndGlobalSection
EndGlobal
